// !$*UTF8*$!
{
	archiveVersion = 1;
	classes = {
	};
	objectVersion = 55;
	objects = {

/* Begin PBXBuildFile section */
		28CCC026284922FE00E8A9CE /* MyAwardsCollectionAppApp.swift in Sources */ = {isa = PBXBuildFile; fileRef = 28CCC025284922FE00E8A9CE /* MyAwardsCollectionAppApp.swift */; };
		28CCC028284922FE00E8A9CE /* StarterView.swift in Sources */ = {isa = PBXBuildFile; fileRef = 28CCC027284922FE00E8A9CE /* StarterView.swift */; };
		28CCC02A2849230000E8A9CE /* Assets.xcassets in Resources */ = {isa = PBXBuildFile; fileRef = 28CCC0292849230000E8A9CE /* Assets.xcassets */; };
		28CCC02D2849230000E8A9CE /* Preview Assets.xcassets in Resources */ = {isa = PBXBuildFile; fileRef = 28CCC02C2849230000E8A9CE /* Preview Assets.xcassets */; };
		28CCC0372849234B00E8A9CE /* CustomGridView.swift in Sources */ = {isa = PBXBuildFile; fileRef = 28CCC0362849234B00E8A9CE /* CustomGridView.swift */; };
		28CCC0392849236300E8A9CE /* VerticalGridView.swift in Sources */ = {isa = PBXBuildFile; fileRef = 28CCC0382849236300E8A9CE /* VerticalGridView.swift */; };
		28CCC03B2849237D00E8A9CE /* HorizontalGridView.swift in Sources */ = {isa = PBXBuildFile; fileRef = 28CCC03A2849237D00E8A9CE /* HorizontalGridView.swift */; };
		28CCC03D284923AB00E8A9CE /* GradientRectangles.swift in Sources */ = {isa = PBXBuildFile; fileRef = 28CCC03C284923AB00E8A9CE /* GradientRectangles.swift */; };
		28CCC03F284923C100E8A9CE /* PathView.swift in Sources */ = {isa = PBXBuildFile; fileRef = 28CCC03E284923C100E8A9CE /* PathView.swift */; };
		28CCC041284923D700E8A9CE /* CurvesView.swift in Sources */ = {isa = PBXBuildFile; fileRef = 28CCC040284923D700E8A9CE /* CurvesView.swift */; };
		28CCC043284923FC00E8A9CE /* HypocycloidView.swift in Sources */ = {isa = PBXBuildFile; fileRef = 28CCC042284923FC00E8A9CE /* HypocycloidView.swift */; };
		28CCC0452849241600E8A9CE /* Award.swift in Sources */ = {isa = PBXBuildFile; fileRef = 28CCC0442849241600E8A9CE /* Award.swift */; };
		28CCC0472849249800E8A9CE /* MainView.swift in Sources */ = {isa = PBXBuildFile; fileRef = 28CCC0462849249800E8A9CE /* MainView.swift */; };
		28CCC049284924AE00E8A9CE /* CartRacingView.swift in Sources */ = {isa = PBXBuildFile; fileRef = 28CCC048284924AE00E8A9CE /* CartRacingView.swift */; };
		28CCC04B284924CB00E8A9CE /* AwardsView.swift in Sources */ = {isa = PBXBuildFile; fileRef = 28CCC04A284924CB00E8A9CE /* AwardsView.swift */; };
/* End PBXBuildFile section */

/* Begin PBXFileReference section */
		28CCC022284922FE00E8A9CE /* MyAwardsCollectionApp.app */ = {isa = PBXFileReference; explicitFileType = wrapper.application; includeInIndex = 0; path = MyAwardsCollectionApp.app; sourceTree = BUILT_PRODUCTS_DIR; };
		28CCC025284922FE00E8A9CE /* MyAwardsCollectionAppApp.swift */ = {isa = PBXFileReference; lastKnownFileType = sourcecode.swift; path = MyAwardsCollectionAppApp.swift; sourceTree = "<group>"; };
		28CCC027284922FE00E8A9CE /* StarterView.swift */ = {isa = PBXFileReference; lastKnownFileType = sourcecode.swift; path = StarterView.swift; sourceTree = "<group>"; };
		28CCC0292849230000E8A9CE /* Assets.xcassets */ = {isa = PBXFileReference; lastKnownFileType = folder.assetcatalog; path = Assets.xcassets; sourceTree = "<group>"; };
		28CCC02C2849230000E8A9CE /* Preview Assets.xcassets */ = {isa = PBXFileReference; lastKnownFileType = folder.assetcatalog; path = "Preview Assets.xcassets"; sourceTree = "<group>"; };
		28CCC0362849234B00E8A9CE /* CustomGridView.swift */ = {isa = PBXFileReference; lastKnownFileType = sourcecode.swift; path = CustomGridView.swift; sourceTree = "<group>"; };
		28CCC0382849236300E8A9CE /* VerticalGridView.swift */ = {isa = PBXFileReference; lastKnownFileType = sourcecode.swift; path = VerticalGridView.swift; sourceTree = "<group>"; };
		28CCC03A2849237D00E8A9CE /* HorizontalGridView.swift */ = {isa = PBXFileReference; lastKnownFileType = sourcecode.swift; path = HorizontalGridView.swift; sourceTree = "<group>"; };
		28CCC03C284923AB00E8A9CE /* GradientRectangles.swift */ = {isa = PBXFileReference; lastKnownFileType = sourcecode.swift; path = GradientRectangles.swift; sourceTree = "<group>"; };
		28CCC03E284923C100E8A9CE /* PathView.swift */ = {isa = PBXFileReference; lastKnownFileType = sourcecode.swift; path = PathView.swift; sourceTree = "<group>"; };
		28CCC040284923D700E8A9CE /* CurvesView.swift */ = {isa = PBXFileReference; lastKnownFileType = sourcecode.swift; path = CurvesView.swift; sourceTree = "<group>"; };
		28CCC042284923FC00E8A9CE /* HypocycloidView.swift */ = {isa = PBXFileReference; lastKnownFileType = sourcecode.swift; path = HypocycloidView.swift; sourceTree = "<group>"; };
		28CCC0442849241600E8A9CE /* Award.swift */ = {isa = PBXFileReference; lastKnownFileType = sourcecode.swift; path = Award.swift; sourceTree = "<group>"; };
		28CCC0462849249800E8A9CE /* MainView.swift */ = {isa = PBXFileReference; lastKnownFileType = sourcecode.swift; path = MainView.swift; sourceTree = "<group>"; };
		28CCC048284924AE00E8A9CE /* CartRacingView.swift */ = {isa = PBXFileReference; lastKnownFileType = sourcecode.swift; path = CartRacingView.swift; sourceTree = "<group>"; };
		28CCC04A284924CB00E8A9CE /* AwardsView.swift */ = {isa = PBXFileReference; lastKnownFileType = sourcecode.swift; path = AwardsView.swift; sourceTree = "<group>"; };
/* End PBXFileReference section */

/* Begin PBXFrameworksBuildPhase section */
		28CCC01F284922FE00E8A9CE /* Frameworks */ = {
			isa = PBXFrameworksBuildPhase;
			buildActionMask = 2147483647;
			files = (
			);
			runOnlyForDeploymentPostprocessing = 0;
		};
/* End PBXFrameworksBuildPhase section */

/* Begin PBXGroup section */
		28CCC019284922FE00E8A9CE = {
			isa = PBXGroup;
			children = (
				28CCC024284922FE00E8A9CE /* MyAwardsCollectionApp */,
				28CCC023284922FE00E8A9CE /* Products */,
			);
			sourceTree = "<group>";
		};
		28CCC023284922FE00E8A9CE /* Products */ = {
			isa = PBXGroup;
			children = (
				28CCC022284922FE00E8A9CE /* MyAwardsCollectionApp.app */,
			);
			name = Products;
			sourceTree = "<group>";
		};
		28CCC024284922FE00E8A9CE /* MyAwardsCollectionApp */ = {
			isa = PBXGroup;
			children = (
				28CCC025284922FE00E8A9CE /* MyAwardsCollectionAppApp.swift */,
				28CCC027284922FE00E8A9CE /* StarterView.swift */,
				28CCC0462849249800E8A9CE /* MainView.swift */,
				28CCC048284924AE00E8A9CE /* CartRacingView.swift */,
				28CCC04A284924CB00E8A9CE /* AwardsView.swift */,
				28CCC0332849232700E8A9CE /* Models */,
				28CCC0342849232D00E8A9CE /* Awards */,
				28CCC0352849233700E8A9CE /* Grids */,
				28CCC0292849230000E8A9CE /* Assets.xcassets */,
				28CCC02B2849230000E8A9CE /* Preview Content */,
			);
			path = MyAwardsCollectionApp;
			sourceTree = "<group>";
		};
		28CCC02B2849230000E8A9CE /* Preview Content */ = {
			isa = PBXGroup;
			children = (
				28CCC02C2849230000E8A9CE /* Preview Assets.xcassets */,
			);
			path = "Preview Content";
			sourceTree = "<group>";
		};
		28CCC0332849232700E8A9CE /* Models */ = {
			isa = PBXGroup;
			children = (
				28CCC0442849241600E8A9CE /* Award.swift */,
			);
			path = Models;
			sourceTree = "<group>";
		};
		28CCC0342849232D00E8A9CE /* Awards */ = {
			isa = PBXGroup;
			children = (
				28CCC03C284923AB00E8A9CE /* GradientRectangles.swift */,
				28CCC03E284923C100E8A9CE /* PathView.swift */,
				28CCC040284923D700E8A9CE /* CurvesView.swift */,
				28CCC042284923FC00E8A9CE /* HypocycloidView.swift */,
			);
			path = Awards;
			sourceTree = "<group>";
		};
		28CCC0352849233700E8A9CE /* Grids */ = {
			isa = PBXGroup;
			children = (
				28CCC0362849234B00E8A9CE /* CustomGridView.swift */,
				28CCC0382849236300E8A9CE /* VerticalGridView.swift */,
				28CCC03A2849237D00E8A9CE /* HorizontalGridView.swift */,
			);
			path = Grids;
			sourceTree = "<group>";
		};
/* End PBXGroup section */

/* Begin PBXNativeTarget section */
		28CCC021284922FE00E8A9CE /* MyAwardsCollectionApp */ = {
			isa = PBXNativeTarget;
			buildConfigurationList = 28CCC0302849230000E8A9CE /* Build configuration list for PBXNativeTarget "MyAwardsCollectionApp" */;
			buildPhases = (
				28CCC01E284922FE00E8A9CE /* Sources */,
				28CCC01F284922FE00E8A9CE /* Frameworks */,
				28CCC020284922FE00E8A9CE /* Resources */,
			);
			buildRules = (
			);
			dependencies = (
			);
			name = MyAwardsCollectionApp;
			productName = MyAwardsCollectionApp;
			productReference = 28CCC022284922FE00E8A9CE /* MyAwardsCollectionApp.app */;
			productType = "com.apple.product-type.application";
		};
/* End PBXNativeTarget section */

/* Begin PBXProject section */
		28CCC01A284922FE00E8A9CE /* Project object */ = {
			isa = PBXProject;
			attributes = {
				BuildIndependentTargetsInParallel = 1;
				LastSwiftUpdateCheck = 1340;
				LastUpgradeCheck = 1340;
				TargetAttributes = {
					28CCC021284922FE00E8A9CE = {
						CreatedOnToolsVersion = 13.4;
					};
				};
			};
			buildConfigurationList = 28CCC01D284922FE00E8A9CE /* Build configuration list for PBXProject "MyAwardsCollectionApp" */;
			compatibilityVersion = "Xcode 13.0";
			developmentRegion = en;
			hasScannedForEncodings = 0;
			knownRegions = (
				en,
				Base,
			);
			mainGroup = 28CCC019284922FE00E8A9CE;
			productRefGroup = 28CCC023284922FE00E8A9CE /* Products */;
			projectDirPath = "";
			projectRoot = "";
			targets = (
				28CCC021284922FE00E8A9CE /* MyAwardsCollectionApp */,
			);
		};
/* End PBXProject section */

/* Begin PBXResourcesBuildPhase section */
		28CCC020284922FE00E8A9CE /* Resources */ = {
			isa = PBXResourcesBuildPhase;
			buildActionMask = 2147483647;
			files = (
				28CCC02D2849230000E8A9CE /* Preview Assets.xcassets in Resources */,
				28CCC02A2849230000E8A9CE /* Assets.xcassets in Resources */,
			);
			runOnlyForDeploymentPostprocessing = 0;
		};
/* End PBXResourcesBuildPhase section */

/* Begin PBXSourcesBuildPhase section */
		28CCC01E284922FE00E8A9CE /* Sources */ = {
			isa = PBXSourcesBuildPhase;
			buildActionMask = 2147483647;
			files = (
				28CCC0392849236300E8A9CE /* VerticalGridView.swift in Sources */,
				28CCC0372849234B00E8A9CE /* CustomGridView.swift in Sources */,
				28CCC03B2849237D00E8A9CE /* HorizontalGridView.swift in Sources */,
				28CCC0452849241600E8A9CE /* Award.swift in Sources */,
				28CCC03F284923C100E8A9CE /* PathView.swift in Sources */,
				28CCC028284922FE00E8A9CE /* StarterView.swift in Sources */,
				28CCC026284922FE00E8A9CE /* MyAwardsCollectionAppApp.swift in Sources */,
				28CCC0472849249800E8A9CE /* MainView.swift in Sources */,
				28CCC049284924AE00E8A9CE /* CartRacingView.swift in Sources */,
				28CCC043284923FC00E8A9CE /* HypocycloidView.swift in Sources */,
				28CCC041284923D700E8A9CE /* CurvesView.swift in Sources */,
				28CCC03D284923AB00E8A9CE /* GradientRectangles.swift in Sources */,
				28CCC04B284924CB00E8A9CE /* AwardsView.swift in Sources */,
			);
			runOnlyForDeploymentPostprocessing = 0;
		};
/* End PBXSourcesBuildPhase section */

/* Begin XCBuildConfiguration section */
		28CCC02E2849230000E8A9CE /* Debug */ = {
			isa = XCBuildConfiguration;
			buildSettings = {
				ALWAYS_SEARCH_USER_PATHS = NO;
				CLANG_ANALYZER_NONNULL = YES;
				CLANG_ANALYZER_NUMBER_OBJECT_CONVERSION = YES_AGGRESSIVE;
				CLANG_CXX_LANGUAGE_STANDARD = "gnu++17";
				CLANG_ENABLE_MODULES = YES;
				CLANG_ENABLE_OBJC_ARC = YES;
				CLANG_ENABLE_OBJC_WEAK = YES;
				CLANG_WARN_BLOCK_CAPTURE_AUTORELEASING = YES;
				CLANG_WARN_BOOL_CONVERSION = YES;
				CLANG_WARN_COMMA = YES;
				CLANG_WARN_CONSTANT_CONVERSION = YES;
				CLANG_WARN_DEPRECATED_OBJC_IMPLEMENTATIONS = YES;
				CLANG_WARN_DIRECT_OBJC_ISA_USAGE = YES_ERROR;
				CLANG_WARN_DOCUMENTATION_COMMENTS = YES;
				CLANG_WARN_EMPTY_BODY = YES;
				CLANG_WARN_ENUM_CONVERSION = YES;
				CLANG_WARN_INFINITE_RECURSION = YES;
				CLANG_WARN_INT_CONVERSION = YES;
				CLANG_WARN_NON_LITERAL_NULL_CONVERSION = YES;
				CLANG_WARN_OBJC_IMPLICIT_RETAIN_SELF = YES;
				CLANG_WARN_OBJC_LITERAL_CONVERSION = YES;
				CLANG_WARN_OBJC_ROOT_CLASS = YES_ERROR;
				CLANG_WARN_QUOTED_INCLUDE_IN_FRAMEWORK_HEADER = YES;
				CLANG_WARN_RANGE_LOOP_ANALYSIS = YES;
				CLANG_WARN_STRICT_PROTOTYPES = YES;
				CLANG_WARN_SUSPICIOUS_MOVE = YES;
				CLANG_WARN_UNGUARDED_AVAILABILITY = YES_AGGRESSIVE;
				CLANG_WARN_UNREACHABLE_CODE = YES;
				CLANG_WARN__DUPLICATE_METHOD_MATCH = YES;
				COPY_PHASE_STRIP = NO;
				DEBUG_INFORMATION_FORMAT = dwarf;
				ENABLE_STRICT_OBJC_MSGSEND = YES;
				ENABLE_TESTABILITY = YES;
				GCC_C_LANGUAGE_STANDARD = gnu11;
				GCC_DYNAMIC_NO_PIC = NO;
				GCC_NO_COMMON_BLOCKS = YES;
				GCC_OPTIMIZATION_LEVEL = 0;
				GCC_PREPROCESSOR_DEFINITIONS = (
					"DEBUG=1",
					"$(inherited)",
				);
				GCC_WARN_64_TO_32_BIT_CONVERSION = YES;
				GCC_WARN_ABOUT_RETURN_TYPE = YES_ERROR;
				GCC_WARN_UNDECLARED_SELECTOR = YES;
				GCC_WARN_UNINITIALIZED_AUTOS = YES_AGGRESSIVE;
				GCC_WARN_UNUSED_FUNCTION = YES;
				GCC_WARN_UNUSED_VARIABLE = YES;
				IPHONEOS_DEPLOYMENT_TARGET = 15.5;
				MTL_ENABLE_DEBUG_INFO = INCLUDE_SOURCE;
				MTL_FAST_MATH = YES;
				ONLY_ACTIVE_ARCH = YES;
				SDKROOT = iphoneos;
				SWIFT_ACTIVE_COMPILATION_CONDITIONS = DEBUG;
				SWIFT_OPTIMIZATION_LEVEL = "-Onone";
			};
			name = Debug;
		};
		28CCC02F2849230000E8A9CE /* Release */ = {
			isa = XCBuildConfiguration;
			buildSettings = {
				ALWAYS_SEARCH_USER_PATHS = NO;
				CLANG_ANALYZER_NONNULL = YES;
				CLANG_ANALYZER_NUMBER_OBJECT_CONVERSION = YES_AGGRESSIVE;
				CLANG_CXX_LANGUAGE_STANDARD = "gnu++17";
				CLANG_ENABLE_MODULES = YES;
				CLANG_ENABLE_OBJC_ARC = YES;
				CLANG_ENABLE_OBJC_WEAK = YES;
				CLANG_WARN_BLOCK_CAPTURE_AUTORELEASING = YES;
				CLANG_WARN_BOOL_CONVERSION = YES;
				CLANG_WARN_COMMA = YES;
				CLANG_WARN_CONSTANT_CONVERSION = YES;
				CLANG_WARN_DEPRECATED_OBJC_IMPLEMENTATIONS = YES;
				CLANG_WARN_DIRECT_OBJC_ISA_USAGE = YES_ERROR;
				CLANG_WARN_DOCUMENTATION_COMMENTS = YES;
				CLANG_WARN_EMPTY_BODY = YES;
				CLANG_WARN_ENUM_CONVERSION = YES;
				CLANG_WARN_INFINITE_RECURSION = YES;
				CLANG_WARN_INT_CONVERSION = YES;
				CLANG_WARN_NON_LITERAL_NULL_CONVERSION = YES;
				CLANG_WARN_OBJC_IMPLICIT_RETAIN_SELF = YES;
				CLANG_WARN_OBJC_LITERAL_CONVERSION = YES;
				CLANG_WARN_OBJC_ROOT_CLASS = YES_ERROR;
				CLANG_WARN_QUOTED_INCLUDE_IN_FRAMEWORK_HEADER = YES;
				CLANG_WARN_RANGE_LOOP_ANALYSIS = YES;
				CLANG_WARN_STRICT_PROTOTYPES = YES;
				CLANG_WARN_SUSPICIOUS_MOVE = YES;
				CLANG_WARN_UNGUARDED_AVAILABILITY = YES_AGGRESSIVE;
				CLANG_WARN_UNREACHABLE_CODE = YES;
				CLANG_WARN__DUPLICATE_METHOD_MATCH = YES;
				COPY_PHASE_STRIP = NO;
				DEBUG_INFORMATION_FORMAT = "dwarf-with-dsym";
				ENABLE_NS_ASSERTIONS = NO;
				ENABLE_STRICT_OBJC_MSGSEND = YES;
				GCC_C_LANGUAGE_STANDARD = gnu11;
				GCC_NO_COMMON_BLOCKS = YES;
				GCC_WARN_64_TO_32_BIT_CONVERSION = YES;
				GCC_WARN_ABOUT_RETURN_TYPE = YES_ERROR;
				GCC_WARN_UNDECLARED_SELECTOR = YES;
				GCC_WARN_UNINITIALIZED_AUTOS = YES_AGGRESSIVE;
				GCC_WARN_UNUSED_FUNCTION = YES;
				GCC_WARN_UNUSED_VARIABLE = YES;
				IPHONEOS_DEPLOYMENT_TARGET = 15.5;
				MTL_ENABLE_DEBUG_INFO = NO;
				MTL_FAST_MATH = YES;
				SDKROOT = iphoneos;
				SWIFT_COMPILATION_MODE = wholemodule;
				SWIFT_OPTIMIZATION_LEVEL = "-O";
				VALIDATE_PRODUCT = YES;
			};
			name = Release;
		};
		28CCC0312849230000E8A9CE /* Debug */ = {
			isa = XCBuildConfiguration;
			buildSettings = {
				ASSETCATALOG_COMPILER_APPICON_NAME = AppIcon;
				ASSETCATALOG_COMPILER_GLOBAL_ACCENT_COLOR_NAME = AccentColor;
				CODE_SIGN_STYLE = Automatic;
				CURRENT_PROJECT_VERSION = 1;
				DEVELOPMENT_ASSET_PATHS = "\"MyAwardsCollectionApp/Preview Content\"";
				DEVELOPMENT_TEAM = 6P96P67U8G;
				ENABLE_PREVIEWS = YES;
				GENERATE_INFOPLIST_FILE = YES;
				INFOPLIST_KEY_UIApplicationSceneManifest_Generation = YES;
				INFOPLIST_KEY_UIApplicationSupportsIndirectInputEvents = YES;
				INFOPLIST_KEY_UILaunchScreen_Generation = YES;
				INFOPLIST_KEY_UISupportedInterfaceOrientations_iPad = "UIInterfaceOrientationPortrait UIInterfaceOrientationPortraitUpsideDown UIInterfaceOrientationLandscapeLeft UIInterfaceOrientationLandscapeRight";
				INFOPLIST_KEY_UISupportedInterfaceOrientations_iPhone = "UIInterfaceOrientationPortrait UIInterfaceOrientationLandscapeLeft UIInterfaceOrientationLandscapeRight";
				LD_RUNPATH_SEARCH_PATHS = (
					"$(inherited)",
					"@executable_path/Frameworks",
				);
				MARKETING_VERSION = 1.0;
				PRODUCT_BUNDLE_IDENTIFIER = ru.alexrybachev.MyAwardsCollectionApp;
				PRODUCT_NAME = "$(TARGET_NAME)";
				SWIFT_EMIT_LOC_STRINGS = YES;
				SWIFT_VERSION = 5.0;
				TARGETED_DEVICE_FAMILY = "1,2";
			};
			name = Debug;
		};
		28CCC0322849230000E8A9CE /* Release */ = {
			isa = XCBuildConfiguration;
			buildSettings = {
				ASSETCATALOG_COMPILER_APPICON_NAME = AppIcon;
				ASSETCATALOG_COMPILER_GLOBAL_ACCENT_COLOR_NAME = AccentColor;
				CODE_SIGN_STYLE = Automatic;
				CURRENT_PROJECT_VERSION = 1;
				DEVELOPMENT_ASSET_PATHS = "\"MyAwardsCollectionApp/Preview Content\"";
				DEVELOPMENT_TEAM = 6P96P67U8G;
				ENABLE_PREVIEWS = YES;
				GENERATE_INFOPLIST_FILE = YES;
				INFOPLIST_KEY_UIApplicationSceneManifest_Generation = YES;
				INFOPLIST_KEY_UIApplicationSupportsIndirectInputEvents = YES;
				INFOPLIST_KEY_UILaunchScreen_Generation = YES;
				INFOPLIST_KEY_UISupportedInterfaceOrientations_iPad = "UIInterfaceOrientationPortrait UIInterfaceOrientationPortraitUpsideDown UIInterfaceOrientationLandscapeLeft UIInterfaceOrientationLandscapeRight";
				INFOPLIST_KEY_UISupportedInterfaceOrientations_iPhone = "UIInterfaceOrientationPortrait UIInterfaceOrientationLandscapeLeft UIInterfaceOrientationLandscapeRight";
				LD_RUNPATH_SEARCH_PATHS = (
					"$(inherited)",
					"@executable_path/Frameworks",
				);
				MARKETING_VERSION = 1.0;
				PRODUCT_BUNDLE_IDENTIFIER = ru.alexrybachev.MyAwardsCollectionApp;
				PRODUCT_NAME = "$(TARGET_NAME)";
				SWIFT_EMIT_LOC_STRINGS = YES;
				SWIFT_VERSION = 5.0;
				TARGETED_DEVICE_FAMILY = "1,2";
			};
			name = Release;
		};
/* End XCBuildConfiguration section */

/* Begin XCConfigurationList section */
		28CCC01D284922FE00E8A9CE /* Build configuration list for PBXProject "MyAwardsCollectionApp" */ = {
			isa = XCConfigurationList;
			buildConfigurations = (
				28CCC02E2849230000E8A9CE /* Debug */,
				28CCC02F2849230000E8A9CE /* Release */,
			);
			defaultConfigurationIsVisible = 0;
			defaultConfigurationName = Release;
		};
		28CCC0302849230000E8A9CE /* Build configuration list for PBXNativeTarget "MyAwardsCollectionApp" */ = {
			isa = XCConfigurationList;
			buildConfigurations = (
				28CCC0312849230000E8A9CE /* Debug */,
				28CCC0322849230000E8A9CE /* Release */,
			);
			defaultConfigurationIsVisible = 0;
			defaultConfigurationName = Release;
		};
/* End XCConfigurationList section */
	};
	rootObject = 28CCC01A284922FE00E8A9CE /* Project object */;
}
